<?xml version="1.0" encoding="utf-8"?>
<Project ToolsVersion="4.0" xmlns="http://schemas.microsoft.com/developer/msbuild/2003">
  <ItemGroup>
    <Filter Include="h">
      <UniqueIdentifier>{1f4f2624-87a5-48b7-b9a3-e300fc46e7f1}</UniqueIdentifier>
    </Filter>
  </ItemGroup>
  <ItemGroup>
    <ClCompile Include="demo.cpp" />
    <ClCompile Include="mainGL.cpp" />
    <ClCompile Include="nanoVg.cpp" />
    <ClCompile Include="perf.cpp" />
    <ClCompile Include="..\..\shared\glad\glad.c" />
  </ItemGroup>
  <ItemGroup>
    <ClInclude Include="demo.h">
      <Filter>h</Filter>
    </ClInclude>
    <ClInclude Include="fontstash.h">
      <Filter>h</Filter>
    </ClInclude>
    <ClInclude Include="nanoVg.h">
      <Filter>h</Filter>
    </ClInclude>
    <ClInclude Include="nanoVgGL.h">
      <Filter>h</Filter>
    </ClInclude>
    <ClInclude Include="nanoVgGLutils.h">
      <Filter>h</Filter>
    </ClInclude>
    <ClInclude Include="perf.h">
      <Filter>h</Filter>
    </ClInclude>
    <ClInclude Include="stb_image.h">
      <Filter>h</Filter>
    </ClInclude>
    <ClInclude Include="stb_truetype.h">
      <Filter>h</Filter>
    </ClInclude>
    <ClInclude Include="..\..\shared\glad\glad.h">
      <Filter>h</Filter>
    </ClInclude>
  </ItemGroup>
</Project>