<?xml version="1.0" encoding="utf-8"?>
<Project ToolsVersion="4.0" xmlns="http://schemas.microsoft.com/developer/msbuild/2003">
  <ItemGroup>
    <ClCompile Include="..\..\shared\utils\cLog.cpp" />
    <ClCompile Include="..\..\shared\glad\glad.c" />
    <ClCompile Include="..\..\shared\utils\cSong.cpp" />
    <ClCompile Include="..\..\shared\kissFft\kiss_fft.c" />
    <ClCompile Include="..\..\shared\kissFft\kiss_fftr.c" />
    <ClCompile Include="..\..\shared\net\cHttp.cpp" />
    <ClCompile Include="..\..\shared\decoders\cAacDecoder.cpp" />
    <ClCompile Include="..\..\shared\decoders\cAudioDecode.cpp" />
    <ClCompile Include="..\..\shared\decoders\cMp3Decoder.cpp" />
    <ClCompile Include="hls.cpp" />
    <ClCompile Include="..\..\shared\utils\cLoaderPlayer.cpp" />
    <ClCompile Include="..\..\shared\utils\cVideoDecode.cpp" />
    <ClCompile Include="..\..\shared\vg\cAtlasText.cpp" />
    <ClCompile Include="..\..\shared\vg\cGlWindow.cpp" />
    <ClCompile Include="..\..\shared\vg\cVg.cpp" />
  </ItemGroup>
  <ItemGroup>
    <ClInclude Include="..\..\shared\utils\date.h">
      <Filter>h</Filter>
    </ClInclude>
    <ClInclude Include="..\..\shared\glad\glad.h">
      <Filter>h</Filter>
    </ClInclude>
    <ClInclude Include="..\..\shared\net\cHttp.h">
      <Filter>h</Filter>
    </ClInclude>
    <ClInclude Include="..\..\shared\net\cUrl.h">
      <Filter>h</Filter>
    </ClInclude>
    <ClInclude Include="..\..\shared\net\cWinSockHttp.h">
      <Filter>h</Filter>
    </ClInclude>
    <ClInclude Include="..\..\shared\vg\cPointF.h">
      <Filter>h\vg</Filter>
    </ClInclude>
    <ClInclude Include="..\..\shared\vg\cGlWindow.h">
      <Filter>h\vg</Filter>
    </ClInclude>
    <ClInclude Include="..\..\shared\vg\cAtlasText.h">
      <Filter>h\vg</Filter>
    </ClInclude>
    <ClInclude Include="..\..\shared\vg\cVg.h">
      <Filter>h\vg</Filter>
    </ClInclude>
    <ClInclude Include="..\..\shared\nanoVg\sColourF.h">
      <Filter>h\vg</Filter>
    </ClInclude>
    <ClInclude Include="..\..\shared\nanoVg\stb_image.h">
      <Filter>h\vg</Filter>
    </ClInclude>
    <ClInclude Include="..\..\shared\nanoVg\stb_truetype.h">
      <Filter>h\vg</Filter>
    </ClInclude>
    <ClInclude Include="..\..\shared\utils\cSong.h">
      <Filter>h\utils</Filter>
    </ClInclude>
    <ClInclude Include="..\..\shared\utils\cLog.h">
      <Filter>h\utils</Filter>
    </ClInclude>
    <ClInclude Include="..\..\shared\utils\cLoaderPlayer.h">
      <Filter>h\utils</Filter>
    </ClInclude>
    <ClInclude Include="..\..\shared\utils\cVideoDecode.h">
      <Filter>h\utils</Filter>
    </ClInclude>
    <ClInclude Include="..\..\shared\utils\utils.h">
      <Filter>h\utils</Filter>
    </ClInclude>
    <ClInclude Include="..\..\shared\utils\cPesParser.h">
      <Filter>h\utils</Filter>
    </ClInclude>
    <ClInclude Include="..\..\shared\utils\readerWriterQueue.h">
      <Filter>h\utils</Filter>
    </ClInclude>
    <ClInclude Include="..\..\shared\decoders\iAudioDecoder.h">
      <Filter>h\decoders</Filter>
    </ClInclude>
    <ClInclude Include="..\..\shared\decoders\cMp3Decoder.h">
      <Filter>h\decoders</Filter>
    </ClInclude>
    <ClInclude Include="..\..\shared\decoders\cAacDecoder.h">
      <Filter>h\decoders</Filter>
    </ClInclude>
    <ClInclude Include="..\..\shared\widgets\cSongWidget.h">
      <Filter>h\utils</Filter>
    </ClInclude>
    <ClInclude Include="..\..\shared\kissFft\kiss_fft.h">
      <Filter>h\kissFft</Filter>
    </ClInclude>
    <ClInclude Include="..\..\shared\kissFft\kiss_fft_guts.h">
      <Filter>h\kissFft</Filter>
    </ClInclude>
    <ClInclude Include="..\..\shared\kissFft\kiss_fftr.h">
      <Filter>h\kissFft</Filter>
    </ClInclude>
    <ClInclude Include="..\..\shared\audio\iAudio.h">
      <Filter>h\audio</Filter>
    </ClInclude>
    <ClInclude Include="..\..\shared\audio\cCaptureWASAPI.h">
      <Filter>h\audio</Filter>
    </ClInclude>
    <ClInclude Include="..\..\shared\widgets\cRootContainer.h">
      <Filter>h\widgets</Filter>
    </ClInclude>
    <ClInclude Include="..\..\shared\widgets\cTextBox.h">
      <Filter>h\widgets</Filter>
    </ClInclude>
    <ClInclude Include="..\..\shared\widgets\cContainer.h">
      <Filter>h\widgets</Filter>
    </ClInclude>
    <ClInclude Include="..\..\shared\widgets\cLoaderPlayerWidget.h">
      <Filter>h\widgets</Filter>
    </ClInclude>
    <ClInclude Include="..\..\shared\widgets\cWidget.h">
      <Filter>h\widgets</Filter>
    </ClInclude>
    <ClInclude Include="..\..\shared\widgets\iDraw.h">
      <Filter>h\widgets</Filter>
    </ClInclude>
    <ClInclude Include="..\..\shared\widgets\iWindow.h">
      <Filter>h\widgets</Filter>
    </ClInclude>
    <ClInclude Include="..\..\shared\widgets\iClockTime.h">
      <Filter>h\widgets</Filter>
    </ClInclude>
    <ClInclude Include="..\..\shared\widgets\cDecodePicWidget.h">
      <Filter>h\widgets</Filter>
    </ClInclude>
    <ClInclude Include="..\..\shared\resources\DroidSansMono.h">
      <Filter>h\resources</Filter>
    </ClInclude>
    <ClInclude Include="..\..\shared\resources\bbc1.h">
      <Filter>h\resources</Filter>
    </ClInclude>
    <ClInclude Include="..\..\shared\resources\r1.h">
      <Filter>h\resources</Filter>
    </ClInclude>
    <ClInclude Include="..\..\shared\resources\r2.h">
      <Filter>h\resources</Filter>
    </ClInclude>
    <ClInclude Include="..\..\shared\resources\r3.h">
      <Filter>h\resources</Filter>
    </ClInclude>
    <ClInclude Include="..\..\shared\resources\r4.h">
      <Filter>h\resources</Filter>
    </ClInclude>
    <ClInclude Include="..\..\shared\resources\r5.h">
      <Filter>h\resources</Filter>
    </ClInclude>
    <ClInclude Include="..\..\shared\resources\r6.h">
      <Filter>h\resources</Filter>
    </ClInclude>
    <ClInclude Include="..\..\shared\widgets\cBmpWidget.h">
      <Filter>h\widgets</Filter>
    </ClInclude>
    <ClInclude Include="..\..\shared\resources\bbc2.h">
      <Filter>h\resources</Filter>
    </ClInclude>
  </ItemGroup>
  <ItemGroup>
    <Filter Include="h">
      <UniqueIdentifier>{309b5935-6d35-41d3-8da8-2c132cc051bc}</UniqueIdentifier>
    </Filter>
    <Filter Include="h\vg">
      <UniqueIdentifier>{fd2d5c66-35aa-45b2-877d-d7bfa956e754}</UniqueIdentifier>
    </Filter>
    <Filter Include="h\utils">
      <UniqueIdentifier>{1d806821-042c-4a92-9459-f8c3fd839dda}</UniqueIdentifier>
    </Filter>
    <Filter Include="h\decoders">
      <UniqueIdentifier>{c82b45e0-cc3f-4b88-b7ee-fe70a6cbc869}</UniqueIdentifier>
    </Filter>
    <Filter Include="h\kissFft">
      <UniqueIdentifier>{7ef74505-2ba6-49ba-ad99-282e656c5096}</UniqueIdentifier>
    </Filter>
    <Filter Include="h\audio">
      <UniqueIdentifier>{ee413c39-4e11-4246-806b-2d75b8f2f01c}</UniqueIdentifier>
    </Filter>
    <Filter Include="h\widgets">
      <UniqueIdentifier>{5a1db6af-05a8-4fb5-b415-b124a582ac44}</UniqueIdentifier>
    </Filter>
    <Filter Include="h\resources">
      <UniqueIdentifier>{793202e5-95b9-4e9a-8895-5223c46eb7ce}</UniqueIdentifier>
    </Filter>
  </ItemGroup>
</Project>