<?xml version="1.0" encoding="utf-8"?>
<Project ToolsVersion="4.0" xmlns="http://schemas.microsoft.com/developer/msbuild/2003">
  <ItemGroup>
    <ClCompile Include="..\..\shared\nanoVg\cGlWindow.cpp" />
    <ClCompile Include="..\..\shared\nanoVg\cVg.cpp" />
    <ClCompile Include="..\..\shared\utils\cLog.cpp" />
    <ClCompile Include="..\..\shared\glad\glad.c" />
    <ClCompile Include="..\..\shared\utils\cSong.cpp" />
    <ClCompile Include="..\..\shared\kissFft\kiss_fft.c" />
    <ClCompile Include="..\..\shared\kissFft\kiss_fftr.c" />
    <ClCompile Include="..\..\shared\net\cHttp.cpp" />
    <ClCompile Include="..\..\shared\decoders\cAacDecoder.cpp" />
    <ClCompile Include="..\..\shared\decoders\cAudioDecode.cpp" />
    <ClCompile Include="..\..\shared\decoders\cMp3Decoder.cpp" />
    <ClCompile Include="hls.cpp" />
    <ClCompile Include="..\..\shared\nanoVg\cAtlasText.cpp" />
    <ClCompile Include="..\..\shared\utils\cLoaderPlayer.cpp" />
    <ClCompile Include="..\..\shared\utils\cVideoDecode.cpp" />
  </ItemGroup>
  <ItemGroup>
    <ClInclude Include="..\..\shared\nanoVg\cGlWindow.h">
      <Filter>h</Filter>
    </ClInclude>
    <ClInclude Include="..\..\shared\utils\cLog.h">
      <Filter>h</Filter>
    </ClInclude>
    <ClInclude Include="..\..\shared\nanoVg\cPerfGraph.h">
      <Filter>h</Filter>
    </ClInclude>
    <ClInclude Include="..\..\shared\widgets\cWidget.h">
      <Filter>h</Filter>
    </ClInclude>
    <ClInclude Include="..\..\shared\utils\date.h">
      <Filter>h</Filter>
    </ClInclude>
    <ClInclude Include="..\..\shared\widgets\iDraw.h">
      <Filter>h</Filter>
    </ClInclude>
    <ClInclude Include="..\..\shared\nanoVg\cVg.h">
      <Filter>h</Filter>
    </ClInclude>
    <ClInclude Include="..\..\shared\glad\glad.h">
      <Filter>h</Filter>
    </ClInclude>
    <ClInclude Include="..\..\shared\utils\utils.h">
      <Filter>h</Filter>
    </ClInclude>
    <ClInclude Include="..\..\shared\fonts\FreeSansBold.h">
      <Filter>h</Filter>
    </ClInclude>
    <ClInclude Include="..\..\shared\fonts\DroidSansMono1.h">
      <Filter>h</Filter>
    </ClInclude>
    <ClInclude Include="..\..\shared\widgets\cTextBox.h">
      <Filter>h</Filter>
    </ClInclude>
    <ClInclude Include="..\..\shared\widgets\iWindow.h">
      <Filter>h</Filter>
    </ClInclude>
    <ClInclude Include="..\..\shared\widgets\cRootContainer.h">
      <Filter>h</Filter>
    </ClInclude>
    <ClInclude Include="..\..\shared\widgets\cContainer.h">
      <Filter>h</Filter>
    </ClInclude>
    <ClInclude Include="..\..\shared\audio\iAudio.h">
      <Filter>h</Filter>
    </ClInclude>
    <ClInclude Include="..\..\shared\utils\cSong.h">
      <Filter>h</Filter>
    </ClInclude>
    <ClInclude Include="..\..\shared\kissFft\kiss_fft.h">
      <Filter>h</Filter>
    </ClInclude>
    <ClInclude Include="..\..\shared\kissFft\kiss_fft_guts.h">
      <Filter>h</Filter>
    </ClInclude>
    <ClInclude Include="..\..\shared\kissFft\kiss_fftr.h">
      <Filter>h</Filter>
    </ClInclude>
    <ClInclude Include="..\..\shared\net\cHttp.h">
      <Filter>h</Filter>
    </ClInclude>
    <ClInclude Include="..\..\shared\net\cUrl.h">
      <Filter>h</Filter>
    </ClInclude>
    <ClInclude Include="..\..\shared\net\cWinSockHttp.h">
      <Filter>h</Filter>
    </ClInclude>
    <ClInclude Include="..\..\shared\decoders\cAacDecoder.h">
      <Filter>h</Filter>
    </ClInclude>
    <ClInclude Include="..\..\shared\decoders\iAudioDecoder.h">
      <Filter>h</Filter>
    </ClInclude>
    <ClInclude Include="..\..\shared\decoders\cMp3Decoder.h">
      <Filter>h</Filter>
    </ClInclude>
    <ClInclude Include="..\..\shared\audio\cCaptureWASAPI.h">
      <Filter>h</Filter>
    </ClInclude>
    <ClInclude Include="..\..\shared\widgets\cSongWidget.h">
      <Filter>h</Filter>
    </ClInclude>
    <ClInclude Include="..\..\shared\utils\cVideoDecode.h">
      <Filter>h</Filter>
    </ClInclude>
    <ClInclude Include="..\..\shared\nanoVg\cAtlasText.h">
      <Filter>h</Filter>
    </ClInclude>
    <ClInclude Include="..\..\shared\nanoVg\stb_image.h">
      <Filter>h</Filter>
    </ClInclude>
    <ClInclude Include="..\..\shared\nanoVg\stb_truetype.h">
      <Filter>h</Filter>
    </ClInclude>
    <ClInclude Include="..\..\shared\utils\readerWriterQueue.h">
      <Filter>h</Filter>
    </ClInclude>
    <ClInclude Include="..\..\shared\nanoVg\sColourF.h">
      <Filter>h</Filter>
    </ClInclude>
    <ClInclude Include="..\..\shared\nanoVg\cPointF.h">
      <Filter>h</Filter>
    </ClInclude>
    <ClInclude Include="..\..\shared\utils\cPesParser.h">
      <Filter>h</Filter>
    </ClInclude>
    <ClInclude Include="..\..\shared\widgets\cLoaderPlayerWidget.h">
      <Filter>h</Filter>
    </ClInclude>
    <ClInclude Include="..\..\shared\utils\cLoaderPlayer.h">
      <Filter>h</Filter>
    </ClInclude>
  </ItemGroup>
  <ItemGroup>
    <Filter Include="h">
      <UniqueIdentifier>{309b5935-6d35-41d3-8da8-2c132cc051bc}</UniqueIdentifier>
    </Filter>
  </ItemGroup>
</Project>