<?xml version="1.0" encoding="utf-8"?>
<Project ToolsVersion="4.0" xmlns="http://schemas.microsoft.com/developer/msbuild/2003">
  <ItemGroup>
    <ClCompile Include="..\..\shared\utils\cLog.cpp" />
    <ClCompile Include="..\..\shared\dvb\cTransportStream.cpp" />
    <ClCompile Include="..\..\shared\glad\glad.c" />
    <ClCompile Include="..\..\shared\dvb\cDvb.cpp" />
    <ClCompile Include="tv.cpp" />
    <ClCompile Include="..\..\shared\vg\cAtlasText.cpp" />
    <ClCompile Include="..\..\shared\vg\cGlWindow.cpp" />
    <ClCompile Include="..\..\shared\vg\cVg.cpp" />
  </ItemGroup>
  <ItemGroup>
    <ClInclude Include="..\..\shared\utils\cLog.h">
      <Filter>h</Filter>
    </ClInclude>
    <ClInclude Include="..\..\shared\widgets\cWidget.h">
      <Filter>h</Filter>
    </ClInclude>
    <ClInclude Include="..\..\shared\utils\date.h">
      <Filter>h</Filter>
    </ClInclude>
    <ClInclude Include="..\..\shared\widgets\iDraw.h">
      <Filter>h</Filter>
    </ClInclude>
    <ClInclude Include="..\..\shared\glad\glad.h">
      <Filter>h</Filter>
    </ClInclude>
    <ClInclude Include="..\..\shared\dvb\cDvb.h">
      <Filter>h</Filter>
    </ClInclude>
    <ClInclude Include="..\..\shared\dvb\huffmanTables.h">
      <Filter>h</Filter>
    </ClInclude>
    <ClInclude Include="..\..\shared\utils\utils.h">
      <Filter>h</Filter>
    </ClInclude>
    <ClInclude Include="..\..\shared\widgets\cTextBox.h">
      <Filter>h</Filter>
    </ClInclude>
    <ClInclude Include="..\..\shared\dvb\cSubtitleDecoder.h">
      <Filter>h</Filter>
    </ClInclude>
    <ClInclude Include="..\..\shared\dvb\cTransportStream.h">
      <Filter>h</Filter>
    </ClInclude>
    <ClInclude Include="..\..\shared\widgets\iWindow.h">
      <Filter>h</Filter>
    </ClInclude>
    <ClInclude Include="..\..\shared\widgets\cDvbWidget.h">
      <Filter>h</Filter>
    </ClInclude>
    <ClInclude Include="..\..\shared\dvb\cSubtitle.h">
      <Filter>h</Filter>
    </ClInclude>
    <ClInclude Include="..\..\shared\widgets\cRootContainer.h">
      <Filter>h</Filter>
    </ClInclude>
    <ClInclude Include="..\..\shared\widgets\cContainer.h">
      <Filter>h</Filter>
    </ClInclude>
    <ClInclude Include="..\..\shared\nanoVg\stb_image.h">
      <Filter>h</Filter>
    </ClInclude>
    <ClInclude Include="..\..\shared\nanoVg\stb_truetype.h">
      <Filter>h</Filter>
    </ClInclude>
    <ClInclude Include="..\..\shared\vg\cAtlasText.h">
      <Filter>h</Filter>
    </ClInclude>
    <ClInclude Include="..\..\shared\vg\cGlWindow.h">
      <Filter>h</Filter>
    </ClInclude>
    <ClInclude Include="..\..\shared\vg\cPerfGraph.h">
      <Filter>h</Filter>
    </ClInclude>
  </ItemGroup>
  <ItemGroup>
    <Filter Include="h">
      <UniqueIdentifier>{309b5935-6d35-41d3-8da8-2c132cc051bc}</UniqueIdentifier>
    </Filter>
  </ItemGroup>
</Project>