<?xml version="1.0" encoding="utf-8"?>
<Project ToolsVersion="4.0" xmlns="http://schemas.microsoft.com/developer/msbuild/2003">
  <ItemGroup>
    <ClCompile Include="..\..\shared\nanoVg\cGlWindow.cpp" />
    <ClCompile Include="..\..\shared\nanoVg\cVg.cpp" />
    <ClCompile Include="..\..\shared\utils\cLog.cpp" />
    <ClCompile Include="..\..\shared\dvb\cTransportStream.cpp" />
    <ClCompile Include="..\..\shared\glad\glad.c" />
    <ClCompile Include="main.cpp" />
    <ClCompile Include="..\..\shared\dvb\cDvb.cpp" />
  </ItemGroup>
  <ItemGroup>
    <ClInclude Include="..\..\shared\nanoVg\cGlWindow.h">
      <Filter>h</Filter>
    </ClInclude>
    <ClInclude Include="..\..\shared\utils\cLog.h">
      <Filter>h</Filter>
    </ClInclude>
    <ClInclude Include="..\..\shared\nanoVg\cPerfGraph.h">
      <Filter>h</Filter>
    </ClInclude>
    <ClInclude Include="..\..\shared\widgets\cWidget.h">
      <Filter>h</Filter>
    </ClInclude>
    <ClInclude Include="..\..\shared\utils\date.h">
      <Filter>h</Filter>
    </ClInclude>
    <ClInclude Include="..\..\shared\widgets\iDraw.h">
      <Filter>h</Filter>
    </ClInclude>
    <ClInclude Include="..\..\shared\nanoVg\stb_truetype.h">
      <Filter>h</Filter>
    </ClInclude>
    <ClInclude Include="..\..\shared\nanoVg\cVg.h">
      <Filter>h</Filter>
    </ClInclude>
    <ClInclude Include="..\..\shared\glad\glad.h">
      <Filter>h</Filter>
    </ClInclude>
    <ClInclude Include="..\..\shared\dvb\cDvb.h">
      <Filter>h</Filter>
    </ClInclude>
    <ClInclude Include="..\..\shared\dvb\huffmanTables.h">
      <Filter>h</Filter>
    </ClInclude>
    <ClInclude Include="..\..\shared\utils\utils.h">
      <Filter>h</Filter>
    </ClInclude>
    <ClInclude Include="..\..\shared\widgets\cTransportStreamBox.h">
      <Filter>h</Filter>
    </ClInclude>
    <ClInclude Include="..\..\shared\fonts\FreeSansBold.h">
      <Filter>h</Filter>
    </ClInclude>
    <ClInclude Include="..\..\shared\fonts\DroidSansMono1.h">
      <Filter>h</Filter>
    </ClInclude>
    <ClInclude Include="..\..\shared\widgets\cTextBox.h">
      <Filter>h</Filter>
    </ClInclude>
  </ItemGroup>
  <ItemGroup>
    <Filter Include="h">
      <UniqueIdentifier>{309b5935-6d35-41d3-8da8-2c132cc051bc}</UniqueIdentifier>
    </Filter>
  </ItemGroup>
</Project>