<?xml version="1.0" encoding="utf-8"?>
<Project ToolsVersion="4.0" xmlns="http://schemas.microsoft.com/developer/msbuild/2003">
  <ItemGroup>
    <ClCompile Include="..\..\shared\nanoVg\cGlWindow.cpp" />
    <ClCompile Include="..\..\shared\nanoVg\cVg.cpp" />
    <ClCompile Include="..\..\shared\utils\cLog.cpp" />
    <ClCompile Include="..\..\shared\dvb\cTransportStream.cpp" />
    <ClCompile Include="..\..\shared\glad\glad.c" />
    <ClCompile Include="..\..\shared\dvb\cDvb.cpp" />
    <ClCompile Include="..\..\shared\nanoVg\cAtlasText.cpp" />
    <ClCompile Include="paint.cpp" />
    <ClCompile Include="libmypaint\brushmodes.c">
      <Filter>libmypaint</Filter>
    </ClCompile>
    <ClCompile Include="libmypaint\fifo.c">
      <Filter>libmypaint</Filter>
    </ClCompile>
    <ClCompile Include="libmypaint\helpers.c">
      <Filter>libmypaint</Filter>
    </ClCompile>
    <ClCompile Include="libmypaint\mypaint-brush-settings.c">
      <Filter>libmypaint</Filter>
    </ClCompile>
    <ClCompile Include="libmypaint\mypaint-brush.c">
      <Filter>libmypaint</Filter>
    </ClCompile>
    <ClCompile Include="libmypaint\mypaint-fixed-tiled-surface.c">
      <Filter>libmypaint</Filter>
    </ClCompile>
    <ClCompile Include="libmypaint\mypaint-mapping.c">
      <Filter>libmypaint</Filter>
    </ClCompile>
    <ClCompile Include="libmypaint\mypaint-matrix.c">
      <Filter>libmypaint</Filter>
    </ClCompile>
    <ClCompile Include="libmypaint\mypaint-rectangle.c">
      <Filter>libmypaint</Filter>
    </ClCompile>
    <ClCompile Include="libmypaint\mypaint-surface.c">
      <Filter>libmypaint</Filter>
    </ClCompile>
    <ClCompile Include="libmypaint\mypaint-symmetry.c">
      <Filter>libmypaint</Filter>
    </ClCompile>
    <ClCompile Include="libmypaint\mypaint-tiled-surface.c">
      <Filter>libmypaint</Filter>
    </ClCompile>
    <ClCompile Include="libmypaint\mypaint.c">
      <Filter>libmypaint</Filter>
    </ClCompile>
    <ClCompile Include="libmypaint\operationqueue.c">
      <Filter>libmypaint</Filter>
    </ClCompile>
    <ClCompile Include="libmypaint\rng-double.c">
      <Filter>libmypaint</Filter>
    </ClCompile>
    <ClCompile Include="libmypaint\tilemap.c">
      <Filter>libmypaint</Filter>
    </ClCompile>
    <ClCompile Include="minimal.c" />
  </ItemGroup>
  <ItemGroup>
    <ClInclude Include="..\..\shared\nanoVg\cGlWindow.h">
      <Filter>h</Filter>
    </ClInclude>
    <ClInclude Include="..\..\shared\utils\cLog.h">
      <Filter>h</Filter>
    </ClInclude>
    <ClInclude Include="..\..\shared\nanoVg\cPerfGraph.h">
      <Filter>h</Filter>
    </ClInclude>
    <ClInclude Include="..\..\shared\widgets\cWidget.h">
      <Filter>h</Filter>
    </ClInclude>
    <ClInclude Include="..\..\shared\utils\date.h">
      <Filter>h</Filter>
    </ClInclude>
    <ClInclude Include="..\..\shared\widgets\iDraw.h">
      <Filter>h</Filter>
    </ClInclude>
    <ClInclude Include="..\..\shared\nanoVg\cVg.h">
      <Filter>h</Filter>
    </ClInclude>
    <ClInclude Include="..\..\shared\glad\glad.h">
      <Filter>h</Filter>
    </ClInclude>
    <ClInclude Include="..\..\shared\dvb\cDvb.h">
      <Filter>h</Filter>
    </ClInclude>
    <ClInclude Include="..\..\shared\dvb\huffmanTables.h">
      <Filter>h</Filter>
    </ClInclude>
    <ClInclude Include="..\..\shared\utils\utils.h">
      <Filter>h</Filter>
    </ClInclude>
    <ClInclude Include="..\..\shared\fonts\FreeSansBold.h">
      <Filter>h</Filter>
    </ClInclude>
    <ClInclude Include="..\..\shared\fonts\DroidSansMono1.h">
      <Filter>h</Filter>
    </ClInclude>
    <ClInclude Include="..\..\shared\widgets\cTextBox.h">
      <Filter>h</Filter>
    </ClInclude>
    <ClInclude Include="..\..\shared\dvb\cSubtitleDecoder.h">
      <Filter>h</Filter>
    </ClInclude>
    <ClInclude Include="..\..\shared\dvb\cTransportStream.h">
      <Filter>h</Filter>
    </ClInclude>
    <ClInclude Include="..\..\shared\widgets\iWindow.h">
      <Filter>h</Filter>
    </ClInclude>
    <ClInclude Include="..\..\shared\widgets\cDvbWidget.h">
      <Filter>h</Filter>
    </ClInclude>
    <ClInclude Include="..\..\shared\dvb\cSubtitle.h">
      <Filter>h</Filter>
    </ClInclude>
    <ClInclude Include="..\..\shared\widgets\cRootContainer.h">
      <Filter>h</Filter>
    </ClInclude>
    <ClInclude Include="..\..\shared\widgets\cContainer.h">
      <Filter>h</Filter>
    </ClInclude>
    <ClInclude Include="..\..\shared\nanoVg\cAtlasText.h">
      <Filter>h</Filter>
    </ClInclude>
    <ClInclude Include="..\..\shared\nanoVg\stb_image.h">
      <Filter>h</Filter>
    </ClInclude>
    <ClInclude Include="..\..\shared\nanoVg\stb_truetype.h">
      <Filter>h</Filter>
    </ClInclude>
    <ClInclude Include="..\..\shared\nanoVg\cPoint.h">
      <Filter>h</Filter>
    </ClInclude>
    <ClInclude Include="..\..\shared\nanoVg\sVgColour.h">
      <Filter>h</Filter>
    </ClInclude>
    <ClInclude Include="libmypaint\brushmodes.h">
      <Filter>libmypaint\h</Filter>
    </ClInclude>
    <ClInclude Include="libmypaint\brushsettings-gen.h">
      <Filter>libmypaint\h</Filter>
    </ClInclude>
    <ClInclude Include="libmypaint\config.h">
      <Filter>libmypaint\h</Filter>
    </ClInclude>
    <ClInclude Include="libmypaint\fifo.h">
      <Filter>libmypaint\h</Filter>
    </ClInclude>
    <ClInclude Include="libmypaint\helpers.h">
      <Filter>libmypaint\h</Filter>
    </ClInclude>
    <ClInclude Include="libmypaint\mypaint-brush-settings-gen.h">
      <Filter>libmypaint\h</Filter>
    </ClInclude>
    <ClInclude Include="libmypaint\mypaint-brush-settings.h">
      <Filter>libmypaint\h</Filter>
    </ClInclude>
    <ClInclude Include="libmypaint\mypaint-brush.h">
      <Filter>libmypaint\h</Filter>
    </ClInclude>
    <ClInclude Include="libmypaint\mypaint-config.h">
      <Filter>libmypaint\h</Filter>
    </ClInclude>
    <ClInclude Include="libmypaint\mypaint-fixed-tiled-surface.h">
      <Filter>libmypaint\h</Filter>
    </ClInclude>
    <ClInclude Include="libmypaint\mypaint-glib-compat.h">
      <Filter>libmypaint\h</Filter>
    </ClInclude>
    <ClInclude Include="libmypaint\mypaint-mapping.h">
      <Filter>libmypaint\h</Filter>
    </ClInclude>
    <ClInclude Include="libmypaint\mypaint-matrix.h">
      <Filter>libmypaint\h</Filter>
    </ClInclude>
    <ClInclude Include="libmypaint\mypaint-rectangle.h">
      <Filter>libmypaint\h</Filter>
    </ClInclude>
    <ClInclude Include="libmypaint\mypaint-surface.h">
      <Filter>libmypaint\h</Filter>
    </ClInclude>
    <ClInclude Include="libmypaint\mypaint-symmetry.h">
      <Filter>libmypaint\h</Filter>
    </ClInclude>
    <ClInclude Include="libmypaint\mypaint-tiled-surface.h">
      <Filter>libmypaint\h</Filter>
    </ClInclude>
    <ClInclude Include="libmypaint\mypaint.h">
      <Filter>libmypaint\h</Filter>
    </ClInclude>
    <ClInclude Include="libmypaint\operationqueue.h">
      <Filter>libmypaint\h</Filter>
    </ClInclude>
    <ClInclude Include="libmypaint\rng-double.h">
      <Filter>libmypaint\h</Filter>
    </ClInclude>
    <ClInclude Include="libmypaint\tiled-surface-private.h">
      <Filter>libmypaint\h</Filter>
    </ClInclude>
    <ClInclude Include="libmypaint\tilemap.h">
      <Filter>libmypaint\h</Filter>
    </ClInclude>
    <ClInclude Include="libmypaint\fastapprox\cast.h">
      <Filter>libmypaint\h</Filter>
    </ClInclude>
    <ClInclude Include="libmypaint\fastapprox\fasterf.h">
      <Filter>libmypaint\h</Filter>
    </ClInclude>
    <ClInclude Include="libmypaint\fastapprox\fastexp.h">
      <Filter>libmypaint\h</Filter>
    </ClInclude>
    <ClInclude Include="libmypaint\fastapprox\fastgamma.h">
      <Filter>libmypaint\h</Filter>
    </ClInclude>
    <ClInclude Include="libmypaint\fastapprox\fasthyperbolic.h">
      <Filter>libmypaint\h</Filter>
    </ClInclude>
    <ClInclude Include="libmypaint\fastapprox\fastlambertw.h">
      <Filter>libmypaint\h</Filter>
    </ClInclude>
    <ClInclude Include="libmypaint\fastapprox\fastlog.h">
      <Filter>libmypaint\h</Filter>
    </ClInclude>
    <ClInclude Include="libmypaint\fastapprox\fastonebigheader.h">
      <Filter>libmypaint\h</Filter>
    </ClInclude>
    <ClInclude Include="libmypaint\fastapprox\fastpow.h">
      <Filter>libmypaint\h</Filter>
    </ClInclude>
    <ClInclude Include="libmypaint\fastapprox\fastsigmoid.h">
      <Filter>libmypaint\h</Filter>
    </ClInclude>
    <ClInclude Include="libmypaint\fastapprox\fasttrig.h">
      <Filter>libmypaint\h</Filter>
    </ClInclude>
    <ClInclude Include="libmypaint\fastapprox\sse.h">
      <Filter>libmypaint\h</Filter>
    </ClInclude>
  </ItemGroup>
  <ItemGroup>
    <Filter Include="h">
      <UniqueIdentifier>{309b5935-6d35-41d3-8da8-2c132cc051bc}</UniqueIdentifier>
    </Filter>
    <Filter Include="libmypaint">
      <UniqueIdentifier>{36138847-56d7-4c9a-9102-bbd6491cd72b}</UniqueIdentifier>
    </Filter>
    <Filter Include="libmypaint\h">
      <UniqueIdentifier>{ea4d4bb9-c33c-44d2-80b5-10ee471594a7}</UniqueIdentifier>
    </Filter>
  </ItemGroup>
</Project>